<?xml version="1.0" encoding="utf-8"?>
<Project ToolsVersion="4.0" xmlns="http://schemas.microsoft.com/developer/msbuild/2003">
  <ItemGroup>
    <Filter Include="Resource Files">
      <UniqueIdentifier>{67DA6AB6-F800-4c08-8B7A-83BB121AAD01}</UniqueIdentifier>
      <Extensions>rc;ico;cur;bmp;dlg;rc2;rct;bin;rgs;gif;jpg;jpeg;jpe;resx;tiff;tif;png;wav;mfcribbon-ms</Extensions>
    </Filter>
    <Filter Include="Resource Files\Engine">
      <UniqueIdentifier>{247b30f0-8223-4b56-98a9-599e213ac3c6}</UniqueIdentifier>
    </Filter>
    <Filter Include="Resource Files\Helpers">
      <UniqueIdentifier>{78cc8111-146a-4c30-bbc4-be9d0f459e9a}</UniqueIdentifier>
    </Filter>
  </ItemGroup>
  <ItemGroup>
    <ClCompile Include="Source\Main.cpp">
      <Filter>Resource Files</Filter>
    </ClCompile>
    <ClCompile Include="Source\Module.cpp">
      <Filter>Resource Files\Engine</Filter>
    </ClCompile>
    <ClCompile Include="Source\Application.cpp">
      <Filter>Resource Files</Filter>
    </ClCompile>
  </ItemGroup>
  <ItemGroup>
    <ClInclude Include="Source\Module.h">
      <Filter>Resource Files\Engine</Filter>
    </ClInclude>
    <ClInclude Include="Source\Application.h">
      <Filter>Resource Files</Filter>
    </ClInclude>
  </ItemGroup>
</Project>