<?xml version="1.0" encoding="utf-8"?>
<Project ToolsVersion="4.0" xmlns="http://schemas.microsoft.com/developer/msbuild/2003">
  <ItemGroup>
    <ClCompile Include="Source\Application.cpp">
      <Filter>Engine</Filter>
    </ClCompile>
    <ClCompile Include="Source\Color.cpp">
      <Filter>Engine\Utils</Filter>
    </ClCompile>
    <ClCompile Include="Source\EventSystem.cpp">
      <Filter>Engine\Core\Event System</Filter>
    </ClCompile>
    <ClCompile Include="Source\UiSystem.cpp">
      <Filter>Engine\Core\Ui system</Filter>
    </ClCompile>
    <ClCompile Include="Source\AboutPanel.cpp">
      <Filter>Engine\Core\Ui system\Panels</Filter>
    </ClCompile>
    <ClCompile Include="Source\GameObject.cpp">
      <Filter>Engine\Core\Game Objects</Filter>
    </ClCompile>
    <ClCompile Include="Source\Inspector.cpp">
      <Filter>Engine\Core\Ui system\Panels</Filter>
    </ClCompile>
    <ClCompile Include="Source\EntityComponentSystem.cpp">
      <Filter>Engine\Core\Entity component system</Filter>
    </ClCompile>
    <ClCompile Include="Source\FileExplorer.cpp">
      <Filter>Engine\Core\Ui system\Panels</Filter>
    </ClCompile>
    <ClCompile Include="Source\Window.cpp">
      <Filter>Engine\Core</Filter>
    </ClCompile>
    <ClCompile Include="Source\ConsolePanel.cpp">
      <Filter>Engine\Core\Ui system\Panels</Filter>
    </ClCompile>
    <ClCompile Include="Source\RendererPanel.cpp">
      <Filter>Engine\Core\Ui system\Panels</Filter>
    </ClCompile>
    <ClCompile Include="Source\SceneHerarchyPanel.cpp">
      <Filter>Engine\Core\Ui system\Panels</Filter>
    </ClCompile>
    <ClCompile Include="Source\Viewport.cpp">
      <Filter>Engine\Core\Ui system\Panels</Filter>
    </ClCompile>
    <ClCompile Include="Source\Panel.cpp">
      <Filter>Engine\Core\Ui system</Filter>
    </ClCompile>
    <ClCompile Include="Source\EntityManager.cpp">
      <Filter>Engine\Core\Entity component system</Filter>
    </ClCompile>
    <ClCompile Include="Source\ComponentManager.cpp">
      <Filter>Engine\Core\Entity component system</Filter>
    </ClCompile>
    <ClCompile Include="Source\SystemManager.cpp">
      <Filter>Engine\Core\Entity component system</Filter>
    </ClCompile>
    <ClCompile Include="Source\Component.cpp">
      <Filter>Engine\Core\Entity component system\Components</Filter>
    </ClCompile>
    <ClCompile Include="Source\External\include\ImGui\imgui.cpp">
      <Filter>Engine\Utils\ImGui</Filter>
    </ClCompile>
    <ClCompile Include="Source\External\include\ImGui\imgui_demo.cpp">
      <Filter>Engine\Utils\ImGui</Filter>
    </ClCompile>
    <ClCompile Include="Source\External\include\ImGui\imgui_draw.cpp">
      <Filter>Engine\Utils\ImGui</Filter>
    </ClCompile>
    <ClCompile Include="Source\External\include\ImGui\backends\imgui_impl_glfw.cpp">
      <Filter>Engine\Utils\ImGui</Filter>
    </ClCompile>
    <ClCompile Include="Source\External\include\ImGui\backends\imgui_impl_opengl3.cpp">
      <Filter>Engine\Utils\ImGui</Filter>
    </ClCompile>
    <ClCompile Include="Source\External\include\ImGui\imgui_tables.cpp">
      <Filter>Engine\Utils\ImGui</Filter>
    </ClCompile>
    <ClCompile Include="Source\External\include\ImGui\imgui_widgets.cpp">
      <Filter>Engine\Utils\ImGui</Filter>
    </ClCompile>
    <ClCompile Include="Source\FPSGraph.cpp">
      <Filter>Engine\Core\Ui system\Panels</Filter>
    </ClCompile>
    <ClCompile Include="Source\Importer.cpp">
      <Filter>Engine\Core\Files system</Filter>
    </ClCompile>
    <ClCompile Include="Source\glmath.cpp">
      <Filter>Engine\Utils</Filter>
    </ClCompile>
    <ClCompile Include="Source\FrameBuffer.cpp">
      <Filter>Engine\Core\Render</Filter>
    </ClCompile>
    <ClCompile Include="Source\Log.cpp">
      <Filter>Engine\Utils</Filter>
    </ClCompile>
    <ClCompile Include="Source\Main.cpp">
      <Filter>Engine</Filter>
    </ClCompile>
    <ClCompile Include="Source\Renderer.cpp">
      <Filter>Engine\Core\Render</Filter>
    </ClCompile>
    <ClCompile Include="Source\ResourcesManagement.cpp">
      <Filter>Engine\Core\Files system</Filter>
    </ClCompile>
    <ClCompile Include="Source\TextureLoader.cpp">
      <Filter>Engine\Core\Files system</Filter>
    </ClCompile>
    <ClCompile Include="Source\Resource.cpp">
      <Filter>Engine\Core\Files system\Resources</Filter>
    </ClCompile>
    <ClCompile Include="Source\ResourceMesh.cpp">
      <Filter>Engine\Core\Files system\Resources</Filter>
    </ClCompile>
    <ClCompile Include="Source\ResourceTexture.cpp">
      <Filter>Engine\Core\Files system\Resources</Filter>
    </ClCompile>
    <ClCompile Include="Source\ObjectLoader.cpp">
      <Filter>Engine\Core\Files system</Filter>
    </ClCompile>
    <ClCompile Include="Source\Material.cpp">
      <Filter>Engine\Core\Entity component system\Components</Filter>
    </ClCompile>
    <ClCompile Include="Source\Mesh.cpp">
      <Filter>Engine\Core\Entity component system\Components</Filter>
    </ClCompile>
    <ClCompile Include="Source\Camera.cpp">
      <Filter>Engine\Core\Entity component system\Components</Filter>
    </ClCompile>
    <ClCompile Include="Source\Texture.cpp">
      <Filter>Engine\Core\Entity component system\Components</Filter>
    </ClCompile>
    <ClCompile Include="Source\Transform.cpp">
      <Filter>Engine\Core\Entity component system\Components</Filter>
    </ClCompile>
    <ClCompile Include="Source\Input.cpp">
      <Filter>Engine\Core\Input</Filter>
    </ClCompile>
    <ClCompile Include="Source\Scene.cpp">
      <Filter>Engine\Core\Game Objects</Filter>
    </ClCompile>
    <ClCompile Include="Source\SceneManager.cpp">
      <Filter>Engine\Core\Game Objects</Filter>
    </ClCompile>
    <ClCompile Include="Source\Timer.cpp">
      <Filter>Engine\Utils</Filter>
    </ClCompile>
    <ClCompile Include="Source\Shader.cpp">
      <Filter>Engine\Core\Render</Filter>
    </ClCompile>
    <ClCompile Include="Source\CameraController.cpp">
      <Filter>Engine\Core\Controllers</Filter>
    </ClCompile>
    <ClCompile Include="Source\GameViewport.cpp">
      <Filter>Engine\Core\Ui system\Panels</Filter>
    </ClCompile>
    <ClCompile Include="Source\ResourceMaterial.cpp">
      <Filter>Engine\Core\Files system\Resources</Filter>
    </ClCompile>
    <ClCompile Include="Source\PickingTexture.cpp">
      <Filter>Engine\Core\Render</Filter>
    </ClCompile>
    <ClCompile Include="Source\ResourceScene.cpp">
      <Filter>Engine\Core\Files system\Resources</Filter>
    </ClCompile>
  </ItemGroup>
  <ItemGroup>
    <ClInclude Include="Source\Application.h">
      <Filter>Engine</Filter>
    </ClInclude>
    <ClInclude Include="Source\Color.h">
      <Filter>Engine\Utils</Filter>
    </ClInclude>
    <ClInclude Include="Source\EventSystem.h">
      <Filter>Engine\Core\Event System</Filter>
    </ClInclude>
    <ClInclude Include="Source\Event.h">
      <Filter>Engine\Core\Event System</Filter>
    </ClInclude>
    <ClInclude Include="Source\Events.h">
      <Filter>Engine\Core\Event System</Filter>
    </ClInclude>
    <ClInclude Include="Source\UiSystem.h">
      <Filter>Engine\Core\Ui system</Filter>
    </ClInclude>
    <ClInclude Include="Source\AboutPanel.h">
      <Filter>Engine\Core\Ui system\Panels</Filter>
    </ClInclude>
    <ClInclude Include="Source\Inspector.h">
      <Filter>Engine\Core\Ui system\Panels</Filter>
    </ClInclude>
    <ClInclude Include="Source\GameObject.h">
      <Filter>Engine\Core\Game Objects</Filter>
    </ClInclude>
    <ClInclude Include="Source\EntityComponentSystem.h">
      <Filter>Engine\Core\Entity component system</Filter>
    </ClInclude>
    <ClInclude Include="Source\FileExplorer.h">
      <Filter>Engine\Core\Ui system\Panels</Filter>
    </ClInclude>
    <ClInclude Include="Source\Window.h">
      <Filter>Engine\Core</Filter>
    </ClInclude>
    <ClInclude Include="Source\ConsolePanel.h">
      <Filter>Engine\Core\Ui system\Panels</Filter>
    </ClInclude>
    <ClInclude Include="Source\RendererPanel.h">
      <Filter>Engine\Core\Ui system\Panels</Filter>
    </ClInclude>
    <ClInclude Include="Source\SceneHerarchyPanel.h">
      <Filter>Engine\Core\Ui system\Panels</Filter>
    </ClInclude>
    <ClInclude Include="Source\Viewport.h">
      <Filter>Engine\Core\Ui system\Panels</Filter>
    </ClInclude>
    <ClInclude Include="Source\Panel.h">
      <Filter>Engine\Core\Ui system</Filter>
    </ClInclude>
    <ClInclude Include="Source\PanelIDs.h">
      <Filter>Engine\Core\Ui system</Filter>
    </ClInclude>
    <ClInclude Include="Source\EntityManager.h">
      <Filter>Engine\Core\Entity component system</Filter>
    </ClInclude>
    <ClInclude Include="Source\ComponentManager.h">
      <Filter>Engine\Core\Entity component system</Filter>
    </ClInclude>
    <ClInclude Include="Source\ComponentArray.h">
      <Filter>Engine\Core\Entity component system</Filter>
    </ClInclude>
    <ClInclude Include="Source\SystemManager.h">
      <Filter>Engine\Core\Entity component system</Filter>
    </ClInclude>
    <ClInclude Include="Source\System.h">
      <Filter>Engine\Core\Entity component system</Filter>
    </ClInclude>
    <ClInclude Include="Source\Component.h">
      <Filter>Engine\Core\Entity component system\Components</Filter>
    </ClInclude>
    <ClInclude Include="Source\External\ImGui\imconfig.h">
      <Filter>Engine\Utils\ImGui</Filter>
    </ClInclude>
    <ClInclude Include="Source\External\ImGui\imgui.h">
      <Filter>Engine\Utils\ImGui</Filter>
    </ClInclude>
    <ClInclude Include="Source\External\ImGui\backends\imgui_impl_glfw.h">
      <Filter>Engine\Utils\ImGui</Filter>
    </ClInclude>
    <ClInclude Include="Source\External\ImGui\backends\imgui_impl_opengl3.h">
      <Filter>Engine\Utils\ImGui</Filter>
    </ClInclude>
    <ClInclude Include="Source\External\ImGui\backends\imgui_impl_opengl3_loader.h">
      <Filter>Engine\Utils\ImGui</Filter>
    </ClInclude>
    <ClInclude Include="Source\External\ImGui\imgui_internal.h">
      <Filter>Engine\Utils\ImGui</Filter>
    </ClInclude>
    <ClInclude Include="Source\External\ImGui\imstb_rectpack.h">
      <Filter>Engine\Utils\ImGui</Filter>
    </ClInclude>
    <ClInclude Include="Source\External\ImGui\imstb_textedit.h">
      <Filter>Engine\Utils\ImGui</Filter>
    </ClInclude>
    <ClInclude Include="Source\External\ImGui\imstb_truetype.h">
      <Filter>Engine\Utils\ImGui</Filter>
    </ClInclude>
    <ClInclude Include="Source\Defs.h">
      <Filter>Engine\Utils</Filter>
    </ClInclude>
    <ClInclude Include="Source\FPSGraph.h">
      <Filter>Engine\Core\Ui system\Panels</Filter>
    </ClInclude>
    <ClInclude Include="Source\Importer.h">
      <Filter>Engine\Core\Files system</Filter>
    </ClInclude>
    <ClInclude Include="Source\glmath.h">
      <Filter>Engine\Utils</Filter>
    </ClInclude>
    <ClInclude Include="Source\FrameBuffer.h">
      <Filter>Engine\Core\Render</Filter>
    </ClInclude>
    <ClInclude Include="Source\GameObjectTypes.h">
      <Filter>Engine\Core\Game Objects</Filter>
    </ClInclude>
    <ClInclude Include="Source\Entity.h">
      <Filter>Engine\Core\Entity component system</Filter>
    </ClInclude>
    <ClInclude Include="Source\Log.h">
      <Filter>Engine\Utils</Filter>
    </ClInclude>
    <ClInclude Include="Source\Renderer.h">
      <Filter>Engine\Core\Render</Filter>
    </ClInclude>
    <ClInclude Include="Source\ResourcesManagement.h">
      <Filter>Engine\Core\Files system</Filter>
    </ClInclude>
    <ClInclude Include="Source\TextureLoader.h">
      <Filter>Engine\Core\Files system</Filter>
    </ClInclude>
    <ClInclude Include="Source\Resource.h">
      <Filter>Engine\Core\Files system\Resources</Filter>
    </ClInclude>
    <ClInclude Include="Source\ResourceMesh.h">
      <Filter>Engine\Core\Files system\Resources</Filter>
    </ClInclude>
    <ClInclude Include="Source\ResourceTexture.h">
      <Filter>Engine\Core\Files system\Resources</Filter>
    </ClInclude>
    <ClInclude Include="Source\ObjectLoader.h">
      <Filter>Engine\Core\Files system</Filter>
    </ClInclude>
    <ClInclude Include="Source\Material.h">
      <Filter>Engine\Core\Entity component system\Components</Filter>
    </ClInclude>
    <ClInclude Include="Source\Mesh.h">
      <Filter>Engine\Core\Entity component system\Components</Filter>
    </ClInclude>
    <ClInclude Include="Source\Camera.h">
      <Filter>Engine\Core\Entity component system\Components</Filter>
    </ClInclude>
    <ClInclude Include="Source\Texture.h">
      <Filter>Engine\Core\Entity component system\Components</Filter>
    </ClInclude>
    <ClInclude Include="Source\Transform.h">
      <Filter>Engine\Core\Entity component system\Components</Filter>
    </ClInclude>
    <ClInclude Include="Source\Input.h">
      <Filter>Engine\Core\Input</Filter>
    </ClInclude>
    <ClInclude Include="Source\InputEnums.h">
      <Filter>Engine\Core\Input</Filter>
    </ClInclude>
    <ClInclude Include="Source\SceneManager.h">
      <Filter>Engine\Core\Game Objects</Filter>
    </ClInclude>
    <ClInclude Include="Source\Scene.h">
      <Filter>Engine\Core\Game Objects</Filter>
    </ClInclude>
    <ClInclude Include="Source\Primitives.h">
      <Filter>Engine\Utils</Filter>
    </ClInclude>
    <ClInclude Include="Source\SString.h">
      <Filter>Engine\Utils</Filter>
    </ClInclude>
    <ClInclude Include="Source\Timer.h">
      <Filter>Engine\Utils</Filter>
    </ClInclude>
    <ClInclude Include="Source\Shader.h">
      <Filter>Engine\Core\Render</Filter>
    </ClInclude>
    <ClInclude Include="Source\Tag.h">
      <Filter>Engine\Core\Entity component system\Components</Filter>
    </ClInclude>
    <ClInclude Include="Source\Module.h">
      <Filter>Engine\Core</Filter>
    </ClInclude>
    <ClInclude Include="Source\CameraController.h">
      <Filter>Engine\Core\Controllers</Filter>
    </ClInclude>
    <ClInclude Include="Source\GameViewport.h">
      <Filter>Engine\Core\Ui system\Panels</Filter>
    </ClInclude>
    <ClInclude Include="Source\Debugger.h">
      <Filter>Engine\Core</Filter>
    </ClInclude>
    <ClInclude Include="Source\ProjectDirectories.h">
      <Filter>Engine\Core\Files system</Filter>
    </ClInclude>
    <ClInclude Include="Source\EditorComponent.h">
      <Filter>Engine\Core\Entity component system\Components</Filter>
    </ClInclude>
    <ClInclude Include="Source\CameraUpdater.h">
      <Filter>Engine\Core\Controllers</Filter>
    </ClInclude>
    <ClInclude Include="Source\BuffCam.h">
      <Filter>Engine\Core\Render</Filter>
    </ClInclude>
    <ClInclude Include="Source\UUID.h" />
    <ClInclude Include="Source\ResourceMaterial.h">
      <Filter>Engine\Core\Files system\Resources</Filter>
    </ClInclude>
    <ClInclude Include="Source\PickingTexture.h">
      <Filter>Engine\Core\Render</Filter>
    </ClInclude>
    <ClInclude Include="Source\ResourceScene.h">
      <Filter>Engine\Core\Files system\Resources</Filter>
    </ClInclude>
  </ItemGroup>
  <ItemGroup>
    <Filter Include="Engine">
      <UniqueIdentifier>{f770c0b3-46d9-400d-9450-51eeb8777e8c}</UniqueIdentifier>
    </Filter>
    <Filter Include="Engine\Core">
      <UniqueIdentifier>{4d0a5bb5-836e-4c0b-a9f6-4b7baea9a12f}</UniqueIdentifier>
    </Filter>
    <Filter Include="Engine\Utils">
      <UniqueIdentifier>{1044801b-c87e-4f9f-90f8-ce0e735ad46d}</UniqueIdentifier>
    </Filter>
    <Filter Include="Engine\Core\Game Objects">
      <UniqueIdentifier>{4a513a0e-99cf-4b5b-bf56-1b6414e67be7}</UniqueIdentifier>
    </Filter>
    <Filter Include="Engine\Core\Event System">
      <UniqueIdentifier>{1059b2ba-db1b-4560-bf46-1f0fa0c3a51a}</UniqueIdentifier>
    </Filter>
    <Filter Include="Engine\Core\Files system">
      <UniqueIdentifier>{a61770a6-7459-4f3f-adc5-649cda4d4143}</UniqueIdentifier>
    </Filter>
    <Filter Include="Engine\Utils\ImGui">
      <UniqueIdentifier>{b053486b-4695-4cd9-b4d7-37774515eb37}</UniqueIdentifier>
    </Filter>
    <Filter Include="Engine\Core\Render">
      <UniqueIdentifier>{4f3ef30a-90be-4575-a5cd-152d9dca7af9}</UniqueIdentifier>
    </Filter>
    <Filter Include="Engine\Core\Files system\Resources">
      <UniqueIdentifier>{6e812663-1a17-42d9-8966-007d48ff80af}</UniqueIdentifier>
    </Filter>
    <Filter Include="Engine\Core\Entity component system">
      <UniqueIdentifier>{902ad623-b4b5-494f-96bc-cd3c1e57d5a5}</UniqueIdentifier>
    </Filter>
    <Filter Include="Engine\Core\Entity component system\Components">
      <UniqueIdentifier>{2051191e-37e1-4090-88a6-b36f173735f5}</UniqueIdentifier>
    </Filter>
    <Filter Include="Engine\Core\Input">
      <UniqueIdentifier>{889ffce6-e6d3-45a5-b539-1e97f8443f98}</UniqueIdentifier>
    </Filter>
    <Filter Include="Engine\Core\Controllers">
      <UniqueIdentifier>{ddec1211-0948-4800-b79a-fb4751ea5d31}</UniqueIdentifier>
    </Filter>
    <Filter Include="Engine\Core\Ui system">
      <UniqueIdentifier>{196dd430-6fcf-4567-82e9-77ef4e3058d9}</UniqueIdentifier>
    </Filter>
    <Filter Include="Engine\Core\Ui system\Panels">
      <UniqueIdentifier>{fe895f04-d056-4557-be71-8f92c5e58acb}</UniqueIdentifier>
    </Filter>
  </ItemGroup>
</Project>